// !$*UTF8*$!
{
	archiveVersion = 1;
	classes = {
	};
	objectVersion = 46;
	objects = {

/* Begin PBXBuildFile section */
		DF1F02471D2675A60012570E /* PPTencentQQChatAPICall.m in Sources */ = {isa = PBXBuildFile; fileRef = DF1F02461D2675A60012570E /* PPTencentQQChatAPICall.m */; };
		DFEE18A01D2523F7003172A6 /* main.m in Sources */ = {isa = PBXBuildFile; fileRef = DFEE189F1D2523F7003172A6 /* main.m */; };
		DFEE18A31D2523F7003172A6 /* AppDelegate.m in Sources */ = {isa = PBXBuildFile; fileRef = DFEE18A21D2523F7003172A6 /* AppDelegate.m */; };
		DFEE18A61D2523F7003172A6 /* ViewController.m in Sources */ = {isa = PBXBuildFile; fileRef = DFEE18A51D2523F7003172A6 /* ViewController.m */; };
		DFEE18A91D2523F7003172A6 /* Main.storyboard in Resources */ = {isa = PBXBuildFile; fileRef = DFEE18A71D2523F7003172A6 /* Main.storyboard */; };
		DFEE18AB1D2523F7003172A6 /* Assets.xcassets in Resources */ = {isa = PBXBuildFile; fileRef = DFEE18AA1D2523F7003172A6 /* Assets.xcassets */; };
		DFEE18AE1D2523F7003172A6 /* LaunchScreen.storyboard in Resources */ = {isa = PBXBuildFile; fileRef = DFEE18AC1D2523F7003172A6 /* LaunchScreen.storyboard */; };
		DFEE18BF1D25295D003172A6 /* TencentOpenAPI.framework in Frameworks */ = {isa = PBXBuildFile; fileRef = DFEE18BE1D25295D003172A6 /* TencentOpenAPI.framework */; };
		DFEE18C11D2529B7003172A6 /* QuartzCore.framework in Frameworks */ = {isa = PBXBuildFile; fileRef = DFEE18C01D2529B7003172A6 /* QuartzCore.framework */; };
		DFEE18C31D2529C3003172A6 /* MobileCoreServices.framework in Frameworks */ = {isa = PBXBuildFile; fileRef = DFEE18C21D2529C3003172A6 /* MobileCoreServices.framework */; };
		DFEE18C51D2529D5003172A6 /* libz.1.1.3.tbd in Frameworks */ = {isa = PBXBuildFile; fileRef = DFEE18C41D2529D5003172A6 /* libz.1.1.3.tbd */; };
		DFEE18C71D2529E3003172A6 /* libstdc++.tbd in Frameworks */ = {isa = PBXBuildFile; fileRef = DFEE18C61D2529E3003172A6 /* libstdc++.tbd */; };
		DFEE18C91D2529F2003172A6 /* libsqlite3.tbd in Frameworks */ = {isa = PBXBuildFile; fileRef = DFEE18C81D2529F2003172A6 /* libsqlite3.tbd */; };
		DFEE18CB1D2529FB003172A6 /* CoreFoundation.framework in Frameworks */ = {isa = PBXBuildFile; fileRef = DFEE18CA1D2529FB003172A6 /* CoreFoundation.framework */; };
		DFEE18CD1D252A05003172A6 /* SystemConfiguration.framework in Frameworks */ = {isa = PBXBuildFile; fileRef = DFEE18CC1D252A05003172A6 /* SystemConfiguration.framework */; };
		DFEE18CF1D252A0C003172A6 /* CoreTelephony.framework in Frameworks */ = {isa = PBXBuildFile; fileRef = DFEE18CE1D252A0C003172A6 /* CoreTelephony.framework */; };
/* End PBXBuildFile section */

/* Begin PBXFileReference section */
		DF1F02451D2675A60012570E /* PPTencentQQChatAPICall.h */ = {isa = PBXFileReference; fileEncoding = 4; lastKnownFileType = sourcecode.c.h; path = PPTencentQQChatAPICall.h; sourceTree = "<group>"; };
		DF1F02461D2675A60012570E /* PPTencentQQChatAPICall.m */ = {isa = PBXFileReference; fileEncoding = 4; lastKnownFileType = sourcecode.c.objc; path = PPTencentQQChatAPICall.m; sourceTree = "<group>"; };
		DF1F02481D26780B0012570E /* PPTencentQQChatAPICallConstants.h */ = {isa = PBXFileReference; fileEncoding = 4; lastKnownFileType = sourcecode.c.h; path = PPTencentQQChatAPICallConstants.h; sourceTree = "<group>"; };
		DFEE189B1D2523F7003172A6 /* FYQQChatSample.app */ = {isa = PBXFileReference; explicitFileType = wrapper.application; includeInIndex = 0; path = FYQQChatSample.app; sourceTree = BUILT_PRODUCTS_DIR; };
		DFEE189F1D2523F7003172A6 /* main.m */ = {isa = PBXFileReference; lastKnownFileType = sourcecode.c.objc; path = main.m; sourceTree = "<group>"; };
		DFEE18A11D2523F7003172A6 /* AppDelegate.h */ = {isa = PBXFileReference; lastKnownFileType = sourcecode.c.h; path = AppDelegate.h; sourceTree = "<group>"; };
		DFEE18A21D2523F7003172A6 /* AppDelegate.m */ = {isa = PBXFileReference; lastKnownFileType = sourcecode.c.objc; path = AppDelegate.m; sourceTree = "<group>"; };
		DFEE18A41D2523F7003172A6 /* ViewController.h */ = {isa = PBXFileReference; lastKnownFileType = sourcecode.c.h; path = ViewController.h; sourceTree = "<group>"; };
		DFEE18A51D2523F7003172A6 /* ViewController.m */ = {isa = PBXFileReference; lastKnownFileType = sourcecode.c.objc; path = ViewController.m; sourceTree = "<group>"; };
		DFEE18A81D2523F7003172A6 /* Base */ = {isa = PBXFileReference; lastKnownFileType = file.storyboard; name = Base; path = Base.lproj/Main.storyboard; sourceTree = "<group>"; };
		DFEE18AA1D2523F7003172A6 /* Assets.xcassets */ = {isa = PBXFileReference; lastKnownFileType = folder.assetcatalog; path = Assets.xcassets; sourceTree = "<group>"; };
		DFEE18AD1D2523F7003172A6 /* Base */ = {isa = PBXFileReference; lastKnownFileType = file.storyboard; name = Base; path = Base.lproj/LaunchScreen.storyboard; sourceTree = "<group>"; };
		DFEE18AF1D2523F7003172A6 /* Info.plist */ = {isa = PBXFileReference; lastKnownFileType = text.plist.xml; path = Info.plist; sourceTree = "<group>"; };
		DFEE18BE1D25295D003172A6 /* TencentOpenAPI.framework */ = {isa = PBXFileReference; lastKnownFileType = wrapper.framework; path = TencentOpenAPI.framework; sourceTree = "<group>"; };
		DFEE18C01D2529B7003172A6 /* QuartzCore.framework */ = {isa = PBXFileReference; lastKnownFileType = wrapper.framework; name = QuartzCore.framework; path = System/Library/Frameworks/QuartzCore.framework; sourceTree = SDKROOT; };
		DFEE18C21D2529C3003172A6 /* MobileCoreServices.framework */ = {isa = PBXFileReference; lastKnownFileType = wrapper.framework; name = MobileCoreServices.framework; path = System/Library/Frameworks/MobileCoreServices.framework; sourceTree = SDKROOT; };
		DFEE18C41D2529D5003172A6 /* libz.1.1.3.tbd */ = {isa = PBXFileReference; lastKnownFileType = "sourcecode.text-based-dylib-definition"; name = libz.1.1.3.tbd; path = usr/lib/libz.1.1.3.tbd; sourceTree = SDKROOT; };
		DFEE18C61D2529E3003172A6 /* libstdc++.tbd */ = {isa = PBXFileReference; lastKnownFileType = "sourcecode.text-based-dylib-definition"; name = "libstdc++.tbd"; path = "usr/lib/libstdc++.tbd"; sourceTree = SDKROOT; };
		DFEE18C81D2529F2003172A6 /* libsqlite3.tbd */ = {isa = PBXFileReference; lastKnownFileType = "sourcecode.text-based-dylib-definition"; name = libsqlite3.tbd; path = usr/lib/libsqlite3.tbd; sourceTree = SDKROOT; };
		DFEE18CA1D2529FB003172A6 /* CoreFoundation.framework */ = {isa = PBXFileReference; lastKnownFileType = wrapper.framework; name = CoreFoundation.framework; path = System/Library/Frameworks/CoreFoundation.framework; sourceTree = SDKROOT; };
		DFEE18CC1D252A05003172A6 /* SystemConfiguration.framework */ = {isa = PBXFileReference; lastKnownFileType = wrapper.framework; name = SystemConfiguration.framework; path = System/Library/Frameworks/SystemConfiguration.framework; sourceTree = SDKROOT; };
		DFEE18CE1D252A0C003172A6 /* CoreTelephony.framework */ = {isa = PBXFileReference; lastKnownFileType = wrapper.framework; name = CoreTelephony.framework; path = System/Library/Frameworks/CoreTelephony.framework; sourceTree = SDKROOT; };
/* End PBXFileReference section */

/* Begin PBXFrameworksBuildPhase section */
		DFEE18981D2523F7003172A6 /* Frameworks */ = {
			isa = PBXFrameworksBuildPhase;
			buildActionMask = 2147483647;
			files = (
				DFEE18CF1D252A0C003172A6 /* CoreTelephony.framework in Frameworks */,
				DFEE18CD1D252A05003172A6 /* SystemConfiguration.framework in Frameworks */,
				DFEE18CB1D2529FB003172A6 /* CoreFoundation.framework in Frameworks */,
				DFEE18C91D2529F2003172A6 /* libsqlite3.tbd in Frameworks */,
				DFEE18C71D2529E3003172A6 /* libstdc++.tbd in Frameworks */,
				DFEE18C51D2529D5003172A6 /* libz.1.1.3.tbd in Frameworks */,
				DFEE18C31D2529C3003172A6 /* MobileCoreServices.framework in Frameworks */,
				DFEE18C11D2529B7003172A6 /* QuartzCore.framework in Frameworks */,
				DFEE18BF1D25295D003172A6 /* TencentOpenAPI.framework in Frameworks */,
			);
			runOnlyForDeploymentPostprocessing = 0;
		};
/* End PBXFrameworksBuildPhase section */

/* Begin PBXGroup section */
		DFEE18921D2523F7003172A6 = {
			isa = PBXGroup;
			children = (
				DFEE189D1D2523F7003172A6 /* FYQQChatSample */,
				DFEE189C1D2523F7003172A6 /* Products */,
			);
			sourceTree = "<group>";
		};
		DFEE189C1D2523F7003172A6 /* Products */ = {
			isa = PBXGroup;
			children = (
				DFEE189B1D2523F7003172A6 /* FYQQChatSample.app */,
			);
			name = Products;
			sourceTree = "<group>";
		};
		DFEE189D1D2523F7003172A6 /* FYQQChatSample */ = {
			isa = PBXGroup;
			children = (
				DFEE18BB1D252709003172A6 /* SDKCall */,
				DFEE18A11D2523F7003172A6 /* AppDelegate.h */,
				DFEE18A21D2523F7003172A6 /* AppDelegate.m */,
				DFEE18A41D2523F7003172A6 /* ViewController.h */,
				DFEE18A51D2523F7003172A6 /* ViewController.m */,
				DFEE18A71D2523F7003172A6 /* Main.storyboard */,
				DFEE18AA1D2523F7003172A6 /* Assets.xcassets */,
				DFEE18AC1D2523F7003172A6 /* LaunchScreen.storyboard */,
				DFEE18AF1D2523F7003172A6 /* Info.plist */,
				DFEE189E1D2523F7003172A6 /* Supporting Files */,
			);
			path = FYQQChatSample;
			sourceTree = "<group>";
		};
		DFEE189E1D2523F7003172A6 /* Supporting Files */ = {
			isa = PBXGroup;
			children = (
				DFEE18CE1D252A0C003172A6 /* CoreTelephony.framework */,
				DFEE18CC1D252A05003172A6 /* SystemConfiguration.framework */,
				DFEE18CA1D2529FB003172A6 /* CoreFoundation.framework */,
				DFEE18C81D2529F2003172A6 /* libsqlite3.tbd */,
				DFEE18C61D2529E3003172A6 /* libstdc++.tbd */,
				DFEE18C41D2529D5003172A6 /* libz.1.1.3.tbd */,
				DFEE18C21D2529C3003172A6 /* MobileCoreServices.framework */,
				DFEE18C01D2529B7003172A6 /* QuartzCore.framework */,
				DFEE18BE1D25295D003172A6 /* TencentOpenAPI.framework */,
				DFEE189F1D2523F7003172A6 /* main.m */,
			);
			name = "Supporting Files";
			sourceTree = "<group>";
		};
		DFEE18BB1D252709003172A6 /* SDKCall */ = {
			isa = PBXGroup;
			children = (
				DF1F02451D2675A60012570E /* PPTencentQQChatAPICall.h */,
				DF1F02461D2675A60012570E /* PPTencentQQChatAPICall.m */,
				DF1F02481D26780B0012570E /* PPTencentQQChatAPICallConstants.h */,
			);
			name = SDKCall;
			sourceTree = "<group>";
		};
/* End PBXGroup section */

/* Begin PBXNativeTarget section */
		DFEE189A1D2523F7003172A6 /* FYQQChatSample */ = {
			isa = PBXNativeTarget;
			buildConfigurationList = DFEE18B21D2523F7003172A6 /* Build configuration list for PBXNativeTarget "FYQQChatSample" */;
			buildPhases = (
				DFEE18971D2523F7003172A6 /* Sources */,
				DFEE18981D2523F7003172A6 /* Frameworks */,
				DFEE18991D2523F7003172A6 /* Resources */,
			);
			buildRules = (
			);
			dependencies = (
			);
			name = FYQQChatSample;
			productName = FYQQChatSample;
			productReference = DFEE189B1D2523F7003172A6 /* FYQQChatSample.app */;
			productType = "com.apple.product-type.application";
		};
/* End PBXNativeTarget section */

/* Begin PBXProject section */
		DFEE18931D2523F7003172A6 /* Project object */ = {
			isa = PBXProject;
			attributes = {
				LastUpgradeCheck = 0730;
				ORGANIZATIONNAME = "July Systems Pvt. Ltd.";
				TargetAttributes = {
					DFEE189A1D2523F7003172A6 = {
						CreatedOnToolsVersion = 7.3;
					};
				};
			};
			buildConfigurationList = DFEE18961D2523F7003172A6 /* Build configuration list for PBXProject "FYQQChatSample" */;
			compatibilityVersion = "Xcode 3.2";
			developmentRegion = English;
			hasScannedForEncodings = 0;
			knownRegions = (
				en,
				Base,
			);
			mainGroup = DFEE18921D2523F7003172A6;
			productRefGroup = DFEE189C1D2523F7003172A6 /* Products */;
			projectDirPath = "";
			projectRoot = "";
			targets = (
				DFEE189A1D2523F7003172A6 /* FYQQChatSample */,
			);
		};
/* End PBXProject section */

/* Begin PBXResourcesBuildPhase section */
		DFEE18991D2523F7003172A6 /* Resources */ = {
			isa = PBXResourcesBuildPhase;
			buildActionMask = 2147483647;
			files = (
				DFEE18AE1D2523F7003172A6 /* LaunchScreen.storyboard in Resources */,
				DFEE18AB1D2523F7003172A6 /* Assets.xcassets in Resources */,
				DFEE18A91D2523F7003172A6 /* Main.storyboard in Resources */,
			);
			runOnlyForDeploymentPostprocessing = 0;
		};
/* End PBXResourcesBuildPhase section */

/* Begin PBXSourcesBuildPhase section */
		DFEE18971D2523F7003172A6 /* Sources */ = {
			isa = PBXSourcesBuildPhase;
			buildActionMask = 2147483647;
			files = (
				DFEE18A61D2523F7003172A6 /* ViewController.m in Sources */,
				DFEE18A31D2523F7003172A6 /* AppDelegate.m in Sources */,
				DFEE18A01D2523F7003172A6 /* main.m in Sources */,
				DF1F02471D2675A60012570E /* PPTencentQQChatAPICall.m in Sources */,
			);
			runOnlyForDeploymentPostprocessing = 0;
		};
/* End PBXSourcesBuildPhase section */

/* Begin PBXVariantGroup section */
		DFEE18A71D2523F7003172A6 /* Main.storyboard */ = {
			isa = PBXVariantGroup;
			children = (
				DFEE18A81D2523F7003172A6 /* Base */,
			);
			name = Main.storyboard;
			sourceTree = "<group>";
		};
		DFEE18AC1D2523F7003172A6 /* LaunchScreen.storyboard */ = {
			isa = PBXVariantGroup;
			children = (
				DFEE18AD1D2523F7003172A6 /* Base */,
			);
			name = LaunchScreen.storyboard;
			sourceTree = "<group>";
		};
/* End PBXVariantGroup section */

/* Begin XCBuildConfiguration section */
		DFEE18B01D2523F7003172A6 /* Debug */ = {
			isa = XCBuildConfiguration;
			buildSettings = {
				ALWAYS_SEARCH_USER_PATHS = NO;
				CLANG_ANALYZER_NONNULL = YES;
				CLANG_CXX_LANGUAGE_STANDARD = "gnu++0x";
				CLANG_CXX_LIBRARY = "libc++";
				CLANG_ENABLE_MODULES = YES;
				CLANG_ENABLE_OBJC_ARC = YES;
				CLANG_WARN_BOOL_CONVERSION = YES;
				CLANG_WARN_CONSTANT_CONVERSION = YES;
				CLANG_WARN_DIRECT_OBJC_ISA_USAGE = YES_ERROR;
				CLANG_WARN_EMPTY_BODY = YES;
				CLANG_WARN_ENUM_CONVERSION = YES;
				CLANG_WARN_INT_CONVERSION = YES;
				CLANG_WARN_OBJC_ROOT_CLASS = YES_ERROR;
				CLANG_WARN_UNREACHABLE_CODE = YES;
				CLANG_WARN__DUPLICATE_METHOD_MATCH = YES;
				"CODE_SIGN_IDENTITY[sdk=iphoneos*]" = "iPhone Developer";
				COPY_PHASE_STRIP = NO;
				DEBUG_INFORMATION_FORMAT = dwarf;
				ENABLE_STRICT_OBJC_MSGSEND = YES;
				ENABLE_TESTABILITY = YES;
				GCC_C_LANGUAGE_STANDARD = gnu99;
				GCC_DYNAMIC_NO_PIC = NO;
				GCC_NO_COMMON_BLOCKS = YES;
				GCC_OPTIMIZATION_LEVEL = 0;
				GCC_PREPROCESSOR_DEFINITIONS = (
					"DEBUG=1",
					"$(inherited)",
				);
				GCC_WARN_64_TO_32_BIT_CONVERSION = YES;
				GCC_WARN_ABOUT_RETURN_TYPE = YES_ERROR;
				GCC_WARN_UNDECLARED_SELECTOR = YES;
				GCC_WARN_UNINITIALIZED_AUTOS = YES_AGGRESSIVE;
				GCC_WARN_UNUSED_FUNCTION = YES;
				GCC_WARN_UNUSED_VARIABLE = YES;
				IPHONEOS_DEPLOYMENT_TARGET = 9.3;
				MTL_ENABLE_DEBUG_INFO = YES;
				ONLY_ACTIVE_ARCH = YES;
				SDKROOT = iphoneos;
				TARGETED_DEVICE_FAMILY = "1,2";
			};
			name = Debug;
		};
		DFEE18B11D2523F7003172A6 /* Release */ = {
			isa = XCBuildConfiguration;
			buildSettings = {
				ALWAYS_SEARCH_USER_PATHS = NO;
				CLANG_ANALYZER_NONNULL = YES;
				CLANG_CXX_LANGUAGE_STANDARD = "gnu++0x";
				CLANG_CXX_LIBRARY = "libc++";
				CLANG_ENABLE_MODULES = YES;
				CLANG_ENABLE_OBJC_ARC = YES;
				CLANG_WARN_BOOL_CONVERSION = YES;
				CLANG_WARN_CONSTANT_CONVERSION = YES;
				CLANG_WARN_DIRECT_OBJC_ISA_USAGE = YES_ERROR;
				CLANG_WARN_EMPTY_BODY = YES;
				CLANG_WARN_ENUM_CONVERSION = YES;
				CLANG_WARN_INT_CONVERSION = YES;
				CLANG_WARN_OBJC_ROOT_CLASS = YES_ERROR;
				CLANG_WARN_UNREACHABLE_CODE = YES;
				CLANG_WARN__DUPLICATE_METHOD_MATCH = YES;
				"CODE_SIGN_IDENTITY[sdk=iphoneos*]" = "iPhone Developer";
				COPY_PHASE_STRIP = NO;
				DEBUG_INFORMATION_FORMAT = "dwarf-with-dsym";
				ENABLE_NS_ASSERTIONS = NO;
				ENABLE_STRICT_OBJC_MSGSEND = YES;
				GCC_C_LANGUAGE_STANDARD = gnu99;
				GCC_NO_COMMON_BLOCKS = YES;
				GCC_WARN_64_TO_32_BIT_CONVERSION = YES;
				GCC_WARN_ABOUT_RETURN_TYPE = YES_ERROR;
				GCC_WARN_UNDECLARED_SELECTOR = YES;
				GCC_WARN_UNINITIALIZED_AUTOS = YES_AGGRESSIVE;
				GCC_WARN_UNUSED_FUNCTION = YES;
				GCC_WARN_UNUSED_VARIABLE = YES;
				IPHONEOS_DEPLOYMENT_TARGET = 9.3;
				MTL_ENABLE_DEBUG_INFO = NO;
				SDKROOT = iphoneos;
				TARGETED_DEVICE_FAMILY = "1,2";
				VALIDATE_PRODUCT = YES;
			};
			name = Release;
		};
		DFEE18B31D2523F7003172A6 /* Debug */ = {
			isa = XCBuildConfiguration;
			buildSettings = {
				ASSETCATALOG_COMPILER_APPICON_NAME = AppIcon;
				FRAMEWORK_SEARCH_PATHS = (
					"$(inherited)",
					"$(PROJECT_DIR)/FYQQChatSample",
					"$(SRCROOT)/FYQQChatSample/framework",
					"$(SRCROOT)",
					"$(SRCROOT)/../..",
				);
				INFOPLIST_FILE = FYQQChatSample/Info.plist;
				LD_RUNPATH_SEARCH_PATHS = "$(inherited) @executable_path/Frameworks";
				PRODUCT_BUNDLE_IDENTIFIER = com.julysystems.FYQQChatSample;
				PRODUCT_NAME = "$(TARGET_NAME)";
			};
			name = Debug;
		};
		DFEE18B41D2523F7003172A6 /* Release */ = {
			isa = XCBuildConfiguration;
			buildSettings = {
				ASSETCATALOG_COMPILER_APPICON_NAME = AppIcon;
				FRAMEWORK_SEARCH_PATHS = (
					"$(inherited)",
					"$(PROJECT_DIR)/FYQQChatSample",
					"$(SRCROOT)/FYQQChatSample/framework",
					"$(SRCROOT)",
					"$(SRCROOT)/../..",
				);
				INFOPLIST_FILE = FYQQChatSample/Info.plist;
				LD_RUNPATH_SEARCH_PATHS = "$(inherited) @executable_path/Frameworks";
				PRODUCT_BUNDLE_IDENTIFIER = com.julysystems.FYQQChatSample;
				PRODUCT_NAME = "$(TARGET_NAME)";
			};
			name = Release;
		};
/* End XCBuildConfiguration section */

/* Begin XCConfigurationList section */
		DFEE18961D2523F7003172A6 /* Build configuration list for PBXProject "FYQQChatSample" */ = {
			isa = XCConfigurationList;
			buildConfigurations = (
				DFEE18B01D2523F7003172A6 /* Debug */,
				DFEE18B11D2523F7003172A6 /* Release */,
			);
			defaultConfigurationIsVisible = 0;
			defaultConfigurationName = Release;
		};
		DFEE18B21D2523F7003172A6 /* Build configuration list for PBXNativeTarget "FYQQChatSample" */ = {
			isa = XCConfigurationList;
			buildConfigurations = (
				DFEE18B31D2523F7003172A6 /* Debug */,
				DFEE18B41D2523F7003172A6 /* Release */,
			);
			defaultConfigurationIsVisible = 0;
			defaultConfigurationName = Release;
		};
/* End XCConfigurationList section */
	};
	rootObject = DFEE18931D2523F7003172A6 /* Project object */;
}
